
Microsoft Visual Studio Solution File, Format Version 12.00
# Visual Studio Version 16
VisualStudioVersion = 16.0.30804.86
MinimumVisualStudioVersion = 10.0.40219.1
Project("{FAE04EC0-301F-11D3-BF4B-00C04F79EFBC}") = "mt_application", "mt_application.csproj", "{50CA9875-34B0-407A-9471-34368C3649E6}"
EndProject
Global
	GlobalSection(SolutionConfigurationPlatforms) = preSolution
		Debug|Any CPU = Debug|Any CPU
		Release|Any CPU = Release|Any CPU
	EndGlobalSection
	GlobalSection(ProjectConfigurationPlatforms) = postSolution
		{50CA9875-34B0-407A-9471-34368C3649E6}.Debug|Any CPU.ActiveCfg = Debug|Any CPU
		{50CA9875-34B0-407A-9471-34368C3649E6}.Debug|Any CPU.Build.0 = Debug|Any CPU
		{50CA9875-34B0-407A-9471-34368C3649E6}.Release|Any CPU.ActiveCfg = Release|Any CPU
		{50CA9875-34B0-407A-9471-34368C3649E6}.Release|Any CPU.Build.0 = Release|Any CPU
	EndGlobalSection
	GlobalSection(SolutionProperties) = preSolution
		HideSolutionNode = FALSE
	EndGlobalSection
	GlobalSection(ExtensibilityGlobals) = postSolution
		SolutionGuid = {8CE245DA-E4D8-4E36-AA15-8C363C9B3881}
	EndGlobalSection
EndGlobal
